
Microsoft Visual Studio Solution File, Format Version 12.00
Project("{FAE04EC0-301F-11D3-BF4B-00C04F79EFBC}") = "DapperMinimalApi", "DapperMinimalApi\DapperMinimalApi.csproj", "{33B404D9-D826-49B2-9BE9-B24783323BB8}"
EndProject
Global
	GlobalSection(SolutionConfigurationPlatforms) = preSolution
		Debug|Any CPU = Debug|Any CPU
		Release|Any CPU = Release|Any CPU
	EndGlobalSection
	GlobalSection(ProjectConfigurationPlatforms) = postSolution
		{33B404D9-D826-49B2-9BE9-B24783323BB8}.Debug|Any CPU.ActiveCfg = Debug|Any CPU
		{33B404D9-D826-49B2-9BE9-B24783323BB8}.Debug|Any CPU.Build.0 = Debug|Any CPU
		{33B404D9-D826-49B2-9BE9-B24783323BB8}.Release|Any CPU.ActiveCfg = Release|Any CPU
		{33B404D9-D826-49B2-9BE9-B24783323BB8}.Release|Any CPU.Build.0 = Release|Any CPU
	EndGlobalSection
EndGlobal
